
Microsoft Visual Studio Solution File, Format Version 12.00
# Visual Studio Version 16
VisualStudioVersion = 16.0.30104.148
MinimumVisualStudioVersion = 10.0.40219.1
Project("{FAE04EC0-301F-11D3-BF4B-00C04F79EFBC}") = "Reqres.In", "Reqres.In\Reqres.In.csproj", "{55262035-8895-4009-A59F-D76B4A0BAC7F}"
EndProject
Global
	GlobalSection(SolutionConfigurationPlatforms) = preSolution
		Debug|Any CPU = Debug|Any CPU
		Release|Any CPU = Release|Any CPU
	EndGlobalSection
	GlobalSection(ProjectConfigurationPlatforms) = postSolution
		{55262035-8895-4009-A59F-D76B4A0BAC7F}.Debug|Any CPU.ActiveCfg = Debug|Any CPU
		{55262035-8895-4009-A59F-D76B4A0BAC7F}.Debug|Any CPU.Build.0 = Debug|Any CPU
		{55262035-8895-4009-A59F-D76B4A0BAC7F}.Release|Any CPU.ActiveCfg = Release|Any CPU
		{55262035-8895-4009-A59F-D76B4A0BAC7F}.Release|Any CPU.Build.0 = Release|Any CPU
	EndGlobalSection
	GlobalSection(SolutionProperties) = preSolution
		HideSolutionNode = FALSE
	EndGlobalSection
	GlobalSection(ExtensibilityGlobals) = postSolution
		SolutionGuid = {A967B4A4-8205-4F01-A663-A2591E8C1C60}
	EndGlobalSection
EndGlobal
